lockfileVersion: '6.1'

settings:
  autoInstallPeers: true
  excludeLinksFromLockfile: false

devDependencies:
  pnpm:
    specifier: ^8.6.0
    version: 8.6.0

packages:

  /pnpm@8.6.0:
    resolution: {integrity: sha512-uMaWGXlvG+m5NIJaR4JEEenChbg+1AP4zVpqs4PEcZg4uH+lXMTd/X/lirKZA+TC0w0d+++y3btINcwyKsuwAA==}
    engines: {node: '>=16.14'}
    hasBin: true
    dev: true
